
Microsoft Visual Studio Solution File, Format Version 12.00
# Visual Studio Version 17
VisualStudioVersion = 17.0.31903.59
MinimumVisualStudioVersion = 10.0.40219.1
Project("{9A19103F-16F7-4668-BE54-9A1E7A4F7556}") = "M01_HalloWPF", "HalloWPF\M01_HalloWPF.csproj", "{A97A7C81-7502-4F7A-BD74-5433ECC84486}"
EndProject
Project("{9A19103F-16F7-4668-BE54-9A1E7A4F7556}") = "M02_Controls", "Controls\M02_Controls.csproj", "{81C73BD7-2D13-4AA7-9116-C1CC1133E55D}"
EndProject
Project("{9A19103F-16F7-4668-BE54-9A1E7A4F7556}") = "Personendatenbank", "Personendatenbank\Personendatenbank.csproj", "{569F03E0-B399-4D49-8215-AA380804AF30}"
EndProject
Project("{9A19103F-16F7-4668-BE54-9A1E7A4F7556}") = "M03_Container", "Container\M03_Container.csproj", "{DBFA4ED0-E41D-47AD-9DDB-54B0255AAC54}"
EndProject
Project("{9A19103F-16F7-4668-BE54-9A1E7A4F7556}") = "M04_EventHandling", "EventHandling\M04_EventHandling.csproj", "{37DD4DD5-6F31-4204-A8EB-9EEA016800AA}"
EndProject
Project("{9A19103F-16F7-4668-BE54-9A1E7A4F7556}") = "M05_PropertyBinding", "PropertyBinding\M05_PropertyBinding.csproj", "{BCC4A1C3-23C4-485E-A7B8-342579638E66}"
EndProject
Project("{9A19103F-16F7-4668-BE54-9A1E7A4F7556}") = "ColorPicker", "ColorPicker\ColorPicker.csproj", "{8E97DAC5-EC2D-45F8-A09B-74736F682299}"
EndProject
Project("{9A19103F-16F7-4668-BE54-9A1E7A4F7556}") = "M06_DataBinding", "DataBinding\M06_DataBinding.csproj", "{A04E3C37-E905-4B1A-B073-8590C045B537}"
EndProject
Project("{9A19103F-16F7-4668-BE54-9A1E7A4F7556}") = "M07_Resources", "Resources\M07_Resources.csproj", "{30AB3C13-261C-4189-A097-657A2F0EA828}"
EndProject
Project("{9A19103F-16F7-4668-BE54-9A1E7A4F7556}") = "M08_Templates", "Templates\M08_Templates.csproj", "{70F773FD-1681-4A25-A219-77196CB37BA8}"
EndProject
Project("{FAE04EC0-301F-11D3-BF4B-00C04F79EFBC}") = "M09_Validation", "Validation\M09_Validation.csproj", "{727DB528-F05B-4D0F-8EB7-F91E50654E89}"
EndProject
Project("{FAE04EC0-301F-11D3-BF4B-00C04F79EFBC}") = "M10_Trigger", "Trigger\M10_Trigger.csproj", "{118E4D7F-47F5-4E5F-A98F-0D6D9E9C4330}"
EndProject
Global
	GlobalSection(SolutionConfigurationPlatforms) = preSolution
		Debug|Any CPU = Debug|Any CPU
		Release|Any CPU = Release|Any CPU
	EndGlobalSection
	GlobalSection(ProjectConfigurationPlatforms) = postSolution
		{A97A7C81-7502-4F7A-BD74-5433ECC84486}.Debug|Any CPU.ActiveCfg = Debug|Any CPU
		{A97A7C81-7502-4F7A-BD74-5433ECC84486}.Debug|Any CPU.Build.0 = Debug|Any CPU
		{A97A7C81-7502-4F7A-BD74-5433ECC84486}.Release|Any CPU.ActiveCfg = Release|Any CPU
		{A97A7C81-7502-4F7A-BD74-5433ECC84486}.Release|Any CPU.Build.0 = Release|Any CPU
		{81C73BD7-2D13-4AA7-9116-C1CC1133E55D}.Debug|Any CPU.ActiveCfg = Debug|Any CPU
		{81C73BD7-2D13-4AA7-9116-C1CC1133E55D}.Debug|Any CPU.Build.0 = Debug|Any CPU
		{81C73BD7-2D13-4AA7-9116-C1CC1133E55D}.Release|Any CPU.ActiveCfg = Release|Any CPU
		{81C73BD7-2D13-4AA7-9116-C1CC1133E55D}.Release|Any CPU.Build.0 = Release|Any CPU
		{569F03E0-B399-4D49-8215-AA380804AF30}.Debug|Any CPU.ActiveCfg = Debug|Any CPU
		{569F03E0-B399-4D49-8215-AA380804AF30}.Debug|Any CPU.Build.0 = Debug|Any CPU
		{569F03E0-B399-4D49-8215-AA380804AF30}.Release|Any CPU.ActiveCfg = Release|Any CPU
		{569F03E0-B399-4D49-8215-AA380804AF30}.Release|Any CPU.Build.0 = Release|Any CPU
		{DBFA4ED0-E41D-47AD-9DDB-54B0255AAC54}.Debug|Any CPU.ActiveCfg = Debug|Any CPU
		{DBFA4ED0-E41D-47AD-9DDB-54B0255AAC54}.Debug|Any CPU.Build.0 = Debug|Any CPU
		{DBFA4ED0-E41D-47AD-9DDB-54B0255AAC54}.Release|Any CPU.ActiveCfg = Release|Any CPU
		{DBFA4ED0-E41D-47AD-9DDB-54B0255AAC54}.Release|Any CPU.Build.0 = Release|Any CPU
		{37DD4DD5-6F31-4204-A8EB-9EEA016800AA}.Debug|Any CPU.ActiveCfg = Debug|Any CPU
		{37DD4DD5-6F31-4204-A8EB-9EEA016800AA}.Debug|Any CPU.Build.0 = Debug|Any CPU
		{37DD4DD5-6F31-4204-A8EB-9EEA016800AA}.Release|Any CPU.ActiveCfg = Release|Any CPU
		{37DD4DD5-6F31-4204-A8EB-9EEA016800AA}.Release|Any CPU.Build.0 = Release|Any CPU
		{BCC4A1C3-23C4-485E-A7B8-342579638E66}.Debug|Any CPU.ActiveCfg = Debug|Any CPU
		{BCC4A1C3-23C4-485E-A7B8-342579638E66}.Debug|Any CPU.Build.0 = Debug|Any CPU
		{BCC4A1C3-23C4-485E-A7B8-342579638E66}.Release|Any CPU.ActiveCfg = Release|Any CPU
		{BCC4A1C3-23C4-485E-A7B8-342579638E66}.Release|Any CPU.Build.0 = Release|Any CPU
		{8E97DAC5-EC2D-45F8-A09B-74736F682299}.Debug|Any CPU.ActiveCfg = Debug|Any CPU
		{8E97DAC5-EC2D-45F8-A09B-74736F682299}.Debug|Any CPU.Build.0 = Debug|Any CPU
		{8E97DAC5-EC2D-45F8-A09B-74736F682299}.Release|Any CPU.ActiveCfg = Release|Any CPU
		{8E97DAC5-EC2D-45F8-A09B-74736F682299}.Release|Any CPU.Build.0 = Release|Any CPU
		{A04E3C37-E905-4B1A-B073-8590C045B537}.Debug|Any CPU.ActiveCfg = Debug|Any CPU
		{A04E3C37-E905-4B1A-B073-8590C045B537}.Debug|Any CPU.Build.0 = Debug|Any CPU
		{A04E3C37-E905-4B1A-B073-8590C045B537}.Release|Any CPU.ActiveCfg = Release|Any CPU
		{A04E3C37-E905-4B1A-B073-8590C045B537}.Release|Any CPU.Build.0 = Release|Any CPU
		{30AB3C13-261C-4189-A097-657A2F0EA828}.Debug|Any CPU.ActiveCfg = Debug|Any CPU
		{30AB3C13-261C-4189-A097-657A2F0EA828}.Debug|Any CPU.Build.0 = Debug|Any CPU
		{30AB3C13-261C-4189-A097-657A2F0EA828}.Release|Any CPU.ActiveCfg = Release|Any CPU
		{30AB3C13-261C-4189-A097-657A2F0EA828}.Release|Any CPU.Build.0 = Release|Any CPU
		{70F773FD-1681-4A25-A219-77196CB37BA8}.Debug|Any CPU.ActiveCfg = Debug|Any CPU
		{70F773FD-1681-4A25-A219-77196CB37BA8}.Debug|Any CPU.Build.0 = Debug|Any CPU
		{70F773FD-1681-4A25-A219-77196CB37BA8}.Release|Any CPU.ActiveCfg = Release|Any CPU
		{70F773FD-1681-4A25-A219-77196CB37BA8}.Release|Any CPU.Build.0 = Release|Any CPU
		{727DB528-F05B-4D0F-8EB7-F91E50654E89}.Debug|Any CPU.ActiveCfg = Debug|Any CPU
		{727DB528-F05B-4D0F-8EB7-F91E50654E89}.Debug|Any CPU.Build.0 = Debug|Any CPU
		{727DB528-F05B-4D0F-8EB7-F91E50654E89}.Release|Any CPU.ActiveCfg = Release|Any CPU
		{727DB528-F05B-4D0F-8EB7-F91E50654E89}.Release|Any CPU.Build.0 = Release|Any CPU
		{118E4D7F-47F5-4E5F-A98F-0D6D9E9C4330}.Debug|Any CPU.ActiveCfg = Debug|Any CPU
		{118E4D7F-47F5-4E5F-A98F-0D6D9E9C4330}.Debug|Any CPU.Build.0 = Debug|Any CPU
		{118E4D7F-47F5-4E5F-A98F-0D6D9E9C4330}.Release|Any CPU.ActiveCfg = Release|Any CPU
		{118E4D7F-47F5-4E5F-A98F-0D6D9E9C4330}.Release|Any CPU.Build.0 = Release|Any CPU
	EndGlobalSection
	GlobalSection(SolutionProperties) = preSolution
		HideSolutionNode = FALSE
	EndGlobalSection
	GlobalSection(ExtensibilityGlobals) = postSolution
		SolutionGuid = {6EFE304A-7AF8-4BE0-83A5-5A8D196144C7}
	EndGlobalSection
EndGlobal
