
Microsoft Visual Studio Solution File, Format Version 12.00
# Visual Studio Version 17
VisualStudioVersion = 17.0.31903.59
MinimumVisualStudioVersion = 10.0.40219.1
Project("{FAE04EC0-301F-11D3-BF4B-00C04F79EFBC}") = "M01_HalloWPF", "HalloWPF\M01_HalloWPF.csproj", "{A97A7C81-7502-4F7A-BD74-5433ECC84486}"
EndProject
Project("{FAE04EC0-301F-11D3-BF4B-00C04F79EFBC}") = "M02_Controls", "Controls\M02_Controls.csproj", "{81C73BD7-2D13-4AA7-9116-C1CC1133E55D}"
EndProject
Project("{FAE04EC0-301F-11D3-BF4B-00C04F79EFBC}") = "Personendatenbank", "Personendatenbank\Personendatenbank.csproj", "{569F03E0-B399-4D49-8215-AA380804AF30}"
EndProject
Global
	GlobalSection(SolutionConfigurationPlatforms) = preSolution
		Debug|Any CPU = Debug|Any CPU
		Release|Any CPU = Release|Any CPU
	EndGlobalSection
	GlobalSection(ProjectConfigurationPlatforms) = postSolution
		{A97A7C81-7502-4F7A-BD74-5433ECC84486}.Debug|Any CPU.ActiveCfg = Debug|Any CPU
		{A97A7C81-7502-4F7A-BD74-5433ECC84486}.Debug|Any CPU.Build.0 = Debug|Any CPU
		{A97A7C81-7502-4F7A-BD74-5433ECC84486}.Release|Any CPU.ActiveCfg = Release|Any CPU
		{A97A7C81-7502-4F7A-BD74-5433ECC84486}.Release|Any CPU.Build.0 = Release|Any CPU
		{81C73BD7-2D13-4AA7-9116-C1CC1133E55D}.Debug|Any CPU.ActiveCfg = Debug|Any CPU
		{81C73BD7-2D13-4AA7-9116-C1CC1133E55D}.Debug|Any CPU.Build.0 = Debug|Any CPU
		{81C73BD7-2D13-4AA7-9116-C1CC1133E55D}.Release|Any CPU.ActiveCfg = Release|Any CPU
		{81C73BD7-2D13-4AA7-9116-C1CC1133E55D}.Release|Any CPU.Build.0 = Release|Any CPU
		{569F03E0-B399-4D49-8215-AA380804AF30}.Debug|Any CPU.ActiveCfg = Debug|Any CPU
		{569F03E0-B399-4D49-8215-AA380804AF30}.Debug|Any CPU.Build.0 = Debug|Any CPU
		{569F03E0-B399-4D49-8215-AA380804AF30}.Release|Any CPU.ActiveCfg = Release|Any CPU
		{569F03E0-B399-4D49-8215-AA380804AF30}.Release|Any CPU.Build.0 = Release|Any CPU
	EndGlobalSection
	GlobalSection(SolutionProperties) = preSolution
		HideSolutionNode = FALSE
	EndGlobalSection
	GlobalSection(ExtensibilityGlobals) = postSolution
		SolutionGuid = {6EFE304A-7AF8-4BE0-83A5-5A8D196144C7}
	EndGlobalSection
EndGlobal
